# THIS IS AN AUTOGENERATED FILE. DO NOT EDIT THIS FILE DIRECTLY.
# yarn lockfile v1


eris@^0.7.0:
  version "0.7.0"
  resolved "https://registry.yarnpkg.com/eris/-/eris-0.7.0.tgz#74ca2b3b18418561d7590a849ccb2e58a881b279"
  dependencies:
    ws "^2.3.1"
  optionalDependencies:
    opusscript "^0.0.3"
    tweetnacl "^1.0.0-rc.1"

opusscript@^0.0.3:
  version "0.0.3"
  resolved "https://registry.yarnpkg.com/opusscript/-/opusscript-0.0.3.tgz#ce46717fc8d6f901c5191e69485c889a036a8674"

safe-buffer@~5.0.1:
  version "5.0.1"
  resolved "https://registry.yarnpkg.com/safe-buffer/-/safe-buffer-5.0.1.tgz#d263ca54696cd8a306b5ca6551e92de57918fbe7"

tweetnacl@^1.0.0-rc.1:
  version "1.0.0"
  resolved "https://registry.yarnpkg.com/tweetnacl/-/tweetnacl-1.0.0.tgz#713d8b818da42068740bf68386d0479e66fc8a7b"

ultron@~1.1.0:
  version "1.1.0"
  resolved "https://registry.yarnpkg.com/ultron/-/ultron-1.1.0.tgz#b07a2e6a541a815fc6a34ccd4533baec307ca864"

ws@^2.3.1:
  version "2.3.1"
  resolved "https://registry.yarnpkg.com/ws/-/ws-2.3.1.tgz#6b94b3e447cb6a363f785eaf94af6359e8e81c80"
  dependencies:
    safe-buffer "~5.0.1"
    ultron "~1.1.0"
